{
  "name": "fnLambda",
  "version": "1.0.0",
  "lockfileVersion": 1,
  "requires": true,
  "dependencies": {
    "async-redis": {
      "version": "1.1.7",
      "resolved": "https://registry.npmjs.org/async-redis/-/async-redis-1.1.7.tgz",
      "integrity": "sha512-phpZe2/U+Ih4Lpy72KWF4+c8gymsUgzg6NV/TZUb8BLNn7soQewFxqcq9nndobfPmzXiuhMLi6GNBiQVIor/EA==",
      "requires": {
        "redis": "^2.8.0",
        "redis-commands": "^1.3.1"
      }
    },
    "double-ended-queue": {
      "version": "2.1.0-0",
      "resolved": "https://registry.npmjs.org/double-ended-queue/-/double-ended-queue-2.1.0-0.tgz",
      "integrity": "sha1-ED01J/0xUo9AGIEwyEHv3XgmTlw="
    },
    "lodash.defaults": {
      "version": "4.2.0",
      "resolved": "https://registry.npmjs.org/lodash.defaults/-/lodash.defaults-4.2.0.tgz",
      "integrity": "sha1-0JF4cW/+pN3p5ft7N/bwgCJ0WAw="
    },
    "memcache-client": {
      "version": "0.10.1",
      "resolved": "https://registry.npmjs.org/memcache-client/-/memcache-client-0.10.1.tgz",
      "integrity": "sha512-FwKvPmfdce2Pv5qQy/373zsYnU/Wo4SZWOpwXkp49R25NYbwaWOHqzUqgWSLAr/Iyk7hp9sIZnf9j6rVxQmB2A==",
      "requires": {
        "lodash.defaults": "^4.2.0",
        "memcache-parser": "^0.2.7",
        "optional-require": "^1.0.0"
      }
    },
    "memcache-parser": {
      "version": "0.2.8",
      "resolved": "https://registry.npmjs.org/memcache-parser/-/memcache-parser-0.2.8.tgz",
      "integrity": "sha1-Gx/3vlXV1br2JLzU/gOitMkjamQ="
    },
    "optional-require": {
      "version": "1.0.0",
      "resolved": "https://registry.npmjs.org/optional-require/-/optional-require-1.0.0.tgz",
      "integrity": "sha1-Fo02GYQ6zA+81tbMXaTL5ThmOvI="
    },
    "redis": {
      "version": "2.8.0",
      "resolved": "https://registry.npmjs.org/redis/-/redis-2.8.0.tgz",
      "integrity": "sha512-M1OkonEQwtRmZv4tEWF2VgpG0JWJ8Fv1PhlgT5+B+uNq2cA3Rt1Yt/ryoR+vQNOQcIEgdCdfH0jr3bDpihAw1A==",
      "requires": {
        "double-ended-queue": "^2.1.0-0",
        "redis-commands": "^1.2.0",
        "redis-parser": "^2.6.0"
      }
    },
    "redis-commands": {
      "version": "1.5.0",
      "resolved": "https://registry.npmjs.org/redis-commands/-/redis-commands-1.5.0.tgz",
      "integrity": "sha512-6KxamqpZ468MeQC3bkWmCB1fp56XL64D4Kf0zJSwDZbVLLm7KFkoIcHrgRvQ+sk8dnhySs7+yBg94yIkAK7aJg=="
    },
    "redis-parser": {
      "version": "2.6.0",
      "resolved": "https://registry.npmjs.org/redis-parser/-/redis-parser-2.6.0.tgz",
      "integrity": "sha1-Uu0J2srBCPGmMcB+m2mUHnoZUEs="
    },
    "simple-cache-client": {
      "version": "0.0.1",
      "resolved": "https://registry.npmjs.org/simple-cache-client/-/simple-cache-client-0.0.1.tgz",
      "integrity": "sha512-wMzHxzj7iVDlqgHhu2qI5aRGnf4HuTcjpvwo+058VccbnLyA3rYVkx3h1iojndc1cDoL1gLTmDBV8pR67JVxYA==",
      "requires": {
        "async-redis": "^1.1.7",
        "memcache-client": "^0.10.1"
      }
    }
  }
}
